
Microsoft Visual Studio Solution File, Format Version 11.00
# Visual Studio 2010
Project("{FAE04EC0-301F-11D3-BF4B-00C04F79EFBC}") = "Rocket League", "Assembly-CSharp.csproj", "{4C000D17-B87B-C45C-A280-22069D2E2517}"
EndProject
Global
	GlobalSection(SolutionConfigurationPlatforms) = preSolution
		Debug|Any CPU = Debug|Any CPU
		Release|Any CPU = Release|Any CPU
	EndGlobalSection
	GlobalSection(ProjectConfigurationPlatforms) = postSolution
		{4C000D17-B87B-C45C-A280-22069D2E2517}.Debug|Any CPU.ActiveCfg = Debug|Any CPU
		{4C000D17-B87B-C45C-A280-22069D2E2517}.Debug|Any CPU.Build.0 = Debug|Any CPU
		{4C000D17-B87B-C45C-A280-22069D2E2517}.Release|Any CPU.ActiveCfg = Release|Any CPU
		{4C000D17-B87B-C45C-A280-22069D2E2517}.Release|Any CPU.Build.0 = Release|Any CPU
	EndGlobalSection
	GlobalSection(SolutionProperties) = preSolution
		HideSolutionNode = FALSE
	EndGlobalSection
	GlobalSection(MonoDevelopProperties) = preSolution
		StartupItem = Assembly-CSharp.csproj
	EndGlobalSection
EndGlobal
