
Microsoft Visual Studio Solution File, Format Version 12.00
# Visual Studio 2017
Project("{FAE04EC0-301F-11D3-BF4B-00C04F79EFBC}") = "Rocket League.Plugins", "Rocket League.Plugins.csproj", "{A630EE40-7A35-EC38-541B-1D74F434B8A0}"
EndProject
Project("{FAE04EC0-301F-11D3-BF4B-00C04F79EFBC}") = "Rocket League", "Rocket League.csproj", "{48489102-9C96-EB45-47CA-323BF4F6BA25}"
EndProject
Project("{FAE04EC0-301F-11D3-BF4B-00C04F79EFBC}") = "Rocket League.Editor.Plugins", "Rocket League.Editor.Plugins.csproj", "{65CDBD7C-B0B6-1DA3-7698-3E060B86E8C4}"
EndProject
Global
	GlobalSection(SolutionConfigurationPlatforms) = preSolution
		Debug|Any CPU = Debug|Any CPU
		Release|Any CPU = Release|Any CPU
	EndGlobalSection
	GlobalSection(ProjectConfigurationPlatforms) = postSolution
		{A630EE40-7A35-EC38-541B-1D74F434B8A0}.Debug|Any CPU.ActiveCfg = Debug|Any CPU
		{A630EE40-7A35-EC38-541B-1D74F434B8A0}.Debug|Any CPU.Build.0 = Debug|Any CPU
		{A630EE40-7A35-EC38-541B-1D74F434B8A0}.Release|Any CPU.ActiveCfg = Release|Any CPU
		{A630EE40-7A35-EC38-541B-1D74F434B8A0}.Release|Any CPU.Build.0 = Release|Any CPU
		{48489102-9C96-EB45-47CA-323BF4F6BA25}.Debug|Any CPU.ActiveCfg = Debug|Any CPU
		{48489102-9C96-EB45-47CA-323BF4F6BA25}.Debug|Any CPU.Build.0 = Debug|Any CPU
		{48489102-9C96-EB45-47CA-323BF4F6BA25}.Release|Any CPU.ActiveCfg = Release|Any CPU
		{48489102-9C96-EB45-47CA-323BF4F6BA25}.Release|Any CPU.Build.0 = Release|Any CPU
		{65CDBD7C-B0B6-1DA3-7698-3E060B86E8C4}.Debug|Any CPU.ActiveCfg = Debug|Any CPU
		{65CDBD7C-B0B6-1DA3-7698-3E060B86E8C4}.Debug|Any CPU.Build.0 = Debug|Any CPU
		{65CDBD7C-B0B6-1DA3-7698-3E060B86E8C4}.Release|Any CPU.ActiveCfg = Release|Any CPU
		{65CDBD7C-B0B6-1DA3-7698-3E060B86E8C4}.Release|Any CPU.Build.0 = Release|Any CPU
	EndGlobalSection
	GlobalSection(SolutionProperties) = preSolution
		HideSolutionNode = FALSE
	EndGlobalSection
EndGlobal
